
Microsoft Visual Studio Solution File, Format Version 12.00
# Visual Studio Version 17
VisualStudioVersion = 17.7.34024.191
MinimumVisualStudioVersion = 10.0.40219.1
Project("{8BC9CEB8-8B4A-11D0-8D11-00A0C91BC942}") = "SimpleRandomRollCall", "SimpleRandomRollCall.vcxproj", "{7962B291-4A06-4D65-BD1B-38B986C581DF}"
EndProject
Global
	GlobalSection(SolutionConfigurationPlatforms) = preSolution
		Debug|x64 = Debug|x64
		Debug|x86 = Debug|x86
		Release|x64 = Release|x64
		Release|x86 = Release|x86
	EndGlobalSection
	GlobalSection(ProjectConfigurationPlatforms) = postSolution
		{7962B291-4A06-4D65-BD1B-38B986C581DF}.Debug|x64.ActiveCfg = Debug|x64
		{7962B291-4A06-4D65-BD1B-38B986C581DF}.Debug|x64.Build.0 = Debug|x64
		{7962B291-4A06-4D65-BD1B-38B986C581DF}.Debug|x86.ActiveCfg = Debug|Win32
		{7962B291-4A06-4D65-BD1B-38B986C581DF}.Debug|x86.Build.0 = Debug|Win32
		{7962B291-4A06-4D65-BD1B-38B986C581DF}.Release|x64.ActiveCfg = Release|x64
		{7962B291-4A06-4D65-BD1B-38B986C581DF}.Release|x64.Build.0 = Release|x64
		{7962B291-4A06-4D65-BD1B-38B986C581DF}.Release|x86.ActiveCfg = Release|Win32
		{7962B291-4A06-4D65-BD1B-38B986C581DF}.Release|x86.Build.0 = Release|Win32
	EndGlobalSection
	GlobalSection(SolutionProperties) = preSolution
		HideSolutionNode = FALSE
	EndGlobalSection
	GlobalSection(ExtensibilityGlobals) = postSolution
		SolutionGuid = {9DFF3C58-A8C0-4A92-9D6A-79D7D813F33C}
	EndGlobalSection
EndGlobal
